
Microsoft Visual Studio Solution File, Format Version 12.00
# Visual Studio Version 17
VisualStudioVersion = 17.5.2.0
MinimumVisualStudioVersion = 10.0.40219.1
Project("{FAE04EC0-301F-11D3-BF4B-00C04F79EFBC}") = "Sistema de Animais", "Sistema de Animais\Sistema de Animais.csproj", "{8BF854B7-39A0-24CB-D3C4-F6DF4E26000A}"
EndProject
Project("{FAE04EC0-301F-11D3-BF4B-00C04F79EFBC}") = "Sistema de Cursos", "Sistema de Cursos\Sistema de Cursos.csproj", "{56835740-F68E-29C9-3282-3FE8B786DB06}"
EndProject
Project("{FAE04EC0-301F-11D3-BF4B-00C04F79EFBC}") = "Sistema de Funcionários", "Sistema de Funcionários\Sistema de Funcionários.csproj", "{56A765B8-7BE4-EF57-9059-3CB6FF197042}"
EndProject
Project("{FAE04EC0-301F-11D3-BF4B-00C04F79EFBC}") = "Sistema de Personagens de Jogo", "Sistema de Personagens de Jogo\Sistema de Personagens de Jogo.csproj", "{D8F38F56-1881-4179-683F-E6588C0FAE39}"
EndProject
Project("{FAE04EC0-301F-11D3-BF4B-00C04F79EFBC}") = "Sistema de Veículos", "Sistema de Veículos\Sistema de Veículos.csproj", "{0811596D-2F69-3969-8F20-408E39542471}"
EndProject
Global
	GlobalSection(SolutionConfigurationPlatforms) = preSolution
		Debug|Any CPU = Debug|Any CPU
		Release|Any CPU = Release|Any CPU
	EndGlobalSection
	GlobalSection(ProjectConfigurationPlatforms) = postSolution
		{8BF854B7-39A0-24CB-D3C4-F6DF4E26000A}.Debug|Any CPU.ActiveCfg = Debug|Any CPU
		{8BF854B7-39A0-24CB-D3C4-F6DF4E26000A}.Debug|Any CPU.Build.0 = Debug|Any CPU
		{8BF854B7-39A0-24CB-D3C4-F6DF4E26000A}.Release|Any CPU.ActiveCfg = Release|Any CPU
		{8BF854B7-39A0-24CB-D3C4-F6DF4E26000A}.Release|Any CPU.Build.0 = Release|Any CPU
		{56835740-F68E-29C9-3282-3FE8B786DB06}.Debug|Any CPU.ActiveCfg = Debug|Any CPU
		{56835740-F68E-29C9-3282-3FE8B786DB06}.Debug|Any CPU.Build.0 = Debug|Any CPU
		{56835740-F68E-29C9-3282-3FE8B786DB06}.Release|Any CPU.ActiveCfg = Release|Any CPU
		{56835740-F68E-29C9-3282-3FE8B786DB06}.Release|Any CPU.Build.0 = Release|Any CPU
		{56A765B8-7BE4-EF57-9059-3CB6FF197042}.Debug|Any CPU.ActiveCfg = Debug|Any CPU
		{56A765B8-7BE4-EF57-9059-3CB6FF197042}.Debug|Any CPU.Build.0 = Debug|Any CPU
		{56A765B8-7BE4-EF57-9059-3CB6FF197042}.Release|Any CPU.ActiveCfg = Release|Any CPU
		{56A765B8-7BE4-EF57-9059-3CB6FF197042}.Release|Any CPU.Build.0 = Release|Any CPU
		{D8F38F56-1881-4179-683F-E6588C0FAE39}.Debug|Any CPU.ActiveCfg = Debug|Any CPU
		{D8F38F56-1881-4179-683F-E6588C0FAE39}.Debug|Any CPU.Build.0 = Debug|Any CPU
		{D8F38F56-1881-4179-683F-E6588C0FAE39}.Release|Any CPU.ActiveCfg = Release|Any CPU
		{D8F38F56-1881-4179-683F-E6588C0FAE39}.Release|Any CPU.Build.0 = Release|Any CPU
		{0811596D-2F69-3969-8F20-408E39542471}.Debug|Any CPU.ActiveCfg = Debug|Any CPU
		{0811596D-2F69-3969-8F20-408E39542471}.Debug|Any CPU.Build.0 = Debug|Any CPU
		{0811596D-2F69-3969-8F20-408E39542471}.Release|Any CPU.ActiveCfg = Release|Any CPU
		{0811596D-2F69-3969-8F20-408E39542471}.Release|Any CPU.Build.0 = Release|Any CPU
	EndGlobalSection
	GlobalSection(SolutionProperties) = preSolution
		HideSolutionNode = FALSE
	EndGlobalSection
	GlobalSection(ExtensibilityGlobals) = postSolution
		SolutionGuid = {4707EEEF-B726-4F3E-9BBF-11B13771ACE9}
	EndGlobalSection
EndGlobal
