
Microsoft Visual Studio Solution File, Format Version 12.00
# Visual Studio Version 17
VisualStudioVersion = 17.5.2.0
MinimumVisualStudioVersion = 10.0.40219.1
Project("{FAE04EC0-301F-11D3-BF4B-00C04F79EFBC}") = "Atividade 17.11 - Sistema Funcionários DBFirst", "Atividade 17.11 - Sistema Funcionários DBFirst.csproj", "{D1DF1E34-4450-7BBA-32BC-D10720D232E1}"
EndProject
Global
	GlobalSection(SolutionConfigurationPlatforms) = preSolution
		Debug|Any CPU = Debug|Any CPU
		Release|Any CPU = Release|Any CPU
	EndGlobalSection
	GlobalSection(ProjectConfigurationPlatforms) = postSolution
		{D1DF1E34-4450-7BBA-32BC-D10720D232E1}.Debug|Any CPU.ActiveCfg = Debug|Any CPU
		{D1DF1E34-4450-7BBA-32BC-D10720D232E1}.Debug|Any CPU.Build.0 = Debug|Any CPU
		{D1DF1E34-4450-7BBA-32BC-D10720D232E1}.Release|Any CPU.ActiveCfg = Release|Any CPU
		{D1DF1E34-4450-7BBA-32BC-D10720D232E1}.Release|Any CPU.Build.0 = Release|Any CPU
	EndGlobalSection
	GlobalSection(SolutionProperties) = preSolution
		HideSolutionNode = FALSE
	EndGlobalSection
	GlobalSection(ExtensibilityGlobals) = postSolution
		SolutionGuid = {22F61B4B-B0EF-4F89-B9F7-B936BE7E80B7}
	EndGlobalSection
EndGlobal
